
Microsoft Visual Studio Solution File, Format Version 12.00
# Visual Studio Version 16
VisualStudioVersion = 16.0.31229.75
MinimumVisualStudioVersion = 10.0.40219.1
Project("{9A19103F-16F7-4668-BE54-9A1E7A4F7556}") = "Retry", "Retry\Retry.csproj", "{C52D999E-72B8-4BF7-AA55-DA7AEB825164}"
EndProject
Project("{FAE04EC0-301F-11D3-BF4B-00C04F79EFBC}") = "BulkHead", "BulkHead\BulkHead.csproj", "{40C0EC5F-C3C1-4B99-A6DA-4A8A40CFA641}"
EndProject
Global
	GlobalSection(SolutionConfigurationPlatforms) = preSolution
		Debug|Any CPU = Debug|Any CPU
		Release|Any CPU = Release|Any CPU
	EndGlobalSection
	GlobalSection(ProjectConfigurationPlatforms) = postSolution
		{C52D999E-72B8-4BF7-AA55-DA7AEB825164}.Debug|Any CPU.ActiveCfg = Debug|Any CPU
		{C52D999E-72B8-4BF7-AA55-DA7AEB825164}.Debug|Any CPU.Build.0 = Debug|Any CPU
		{C52D999E-72B8-4BF7-AA55-DA7AEB825164}.Release|Any CPU.ActiveCfg = Release|Any CPU
		{C52D999E-72B8-4BF7-AA55-DA7AEB825164}.Release|Any CPU.Build.0 = Release|Any CPU
		{40C0EC5F-C3C1-4B99-A6DA-4A8A40CFA641}.Debug|Any CPU.ActiveCfg = Debug|Any CPU
		{40C0EC5F-C3C1-4B99-A6DA-4A8A40CFA641}.Debug|Any CPU.Build.0 = Debug|Any CPU
		{40C0EC5F-C3C1-4B99-A6DA-4A8A40CFA641}.Release|Any CPU.ActiveCfg = Release|Any CPU
		{40C0EC5F-C3C1-4B99-A6DA-4A8A40CFA641}.Release|Any CPU.Build.0 = Release|Any CPU
	EndGlobalSection
	GlobalSection(SolutionProperties) = preSolution
		HideSolutionNode = FALSE
	EndGlobalSection
	GlobalSection(ExtensibilityGlobals) = postSolution
		SolutionGuid = {FAC4196C-2BDB-4BDE-919C-A459A961BD5B}
	EndGlobalSection
EndGlobal
